
Microsoft Visual Studio Solution File, Format Version 12.00
# Visual Studio 15
VisualStudioVersion = 15.0.27004.2002
MinimumVisualStudioVersion = 10.0.40219.1
Project("{2150E333-8FDC-42A3-9474-1A3956D46DE8}") = "Wit.Communication", "Wit.Communication", "{D87D4B61-9D48-4734-A384-6E722C195F04}"
EndProject
Project("{2150E333-8FDC-42A3-9474-1A3956D46DE8}") = "Wit.VoiceTestGoogleNLP", "Wit.VoiceTestGoogleNLP", "{6FACEF40-32A1-42DD-ACFE-07BD103DA9A2}"
EndProject
Project("{2150E333-8FDC-42A3-9474-1A3956D46DE8}") = "Wit.TextTestWPF", "Wit.TextTestWPF", "{2AD09831-5AE5-485D-9CB3-857D9882C5C8}"
EndProject
Project("{FAE04EC0-301F-11D3-BF4B-00C04F79EFBC}") = "WitAiComm", "WitAiComm\WitAiComm.csproj", "{2E0A0CF2-13CD-4E5A-B0B7-72008C65B6C5}"
EndProject
Project("{FAE04EC0-301F-11D3-BF4B-00C04F79EFBC}") = "WitAiTextComm", "WitAiTextComm\WitAiTextComm.csproj", "{123E39AB-5E62-4467-9F65-C60C92B4DDFA}"
EndProject
Project("{2150E333-8FDC-42A3-9474-1A3956D46DE8}") = "Wit.VoiceTestWitNLP", "Wit.VoiceTestWitNLP", "{9D33D01F-A491-43DB-95B8-514BA64321CB}"
EndProject
Project("{FAE04EC0-301F-11D3-BF4B-00C04F79EFBC}") = "WitAiVoiceTestWitNLP", "WitAiVoiceTestWitNLP\WitAiVoiceTestWitNLP.csproj", "{289BF6CA-815F-439A-B4E5-03536FF86ACD}"
EndProject
Project("{FAE04EC0-301F-11D3-BF4B-00C04F79EFBC}") = "WitAiVoiceGoogleNLP", "WitAiVoiceGoogleNLP\WitAiVoiceGoogleNLP.csproj", "{5017AF30-51D8-4B2D-A708-24D24A7F73EF}"
EndProject
Project("{FAE04EC0-301F-11D3-BF4B-00C04F79EFBC}") = "WavHandler", "WavHandler\WavHandler.csproj", "{2964BE49-E5B2-45EF-8DBE-5C1113C867DD}"
EndProject
Global
	GlobalSection(SolutionConfigurationPlatforms) = preSolution
		Debug|Any CPU = Debug|Any CPU
		Release|Any CPU = Release|Any CPU
	EndGlobalSection
	GlobalSection(ProjectConfigurationPlatforms) = postSolution
		{2E0A0CF2-13CD-4E5A-B0B7-72008C65B6C5}.Debug|Any CPU.ActiveCfg = Debug|Any CPU
		{2E0A0CF2-13CD-4E5A-B0B7-72008C65B6C5}.Debug|Any CPU.Build.0 = Debug|Any CPU
		{2E0A0CF2-13CD-4E5A-B0B7-72008C65B6C5}.Release|Any CPU.ActiveCfg = Release|Any CPU
		{2E0A0CF2-13CD-4E5A-B0B7-72008C65B6C5}.Release|Any CPU.Build.0 = Release|Any CPU
		{123E39AB-5E62-4467-9F65-C60C92B4DDFA}.Debug|Any CPU.ActiveCfg = Debug|Any CPU
		{123E39AB-5E62-4467-9F65-C60C92B4DDFA}.Debug|Any CPU.Build.0 = Debug|Any CPU
		{123E39AB-5E62-4467-9F65-C60C92B4DDFA}.Release|Any CPU.ActiveCfg = Release|Any CPU
		{123E39AB-5E62-4467-9F65-C60C92B4DDFA}.Release|Any CPU.Build.0 = Release|Any CPU
		{289BF6CA-815F-439A-B4E5-03536FF86ACD}.Debug|Any CPU.ActiveCfg = Debug|Any CPU
		{289BF6CA-815F-439A-B4E5-03536FF86ACD}.Debug|Any CPU.Build.0 = Debug|Any CPU
		{289BF6CA-815F-439A-B4E5-03536FF86ACD}.Debug|Any CPU.Deploy.0 = Debug|Any CPU
		{289BF6CA-815F-439A-B4E5-03536FF86ACD}.Release|Any CPU.ActiveCfg = Release|Any CPU
		{289BF6CA-815F-439A-B4E5-03536FF86ACD}.Release|Any CPU.Build.0 = Release|Any CPU
		{289BF6CA-815F-439A-B4E5-03536FF86ACD}.Release|Any CPU.Deploy.0 = Release|Any CPU
		{5017AF30-51D8-4B2D-A708-24D24A7F73EF}.Debug|Any CPU.ActiveCfg = Debug|Any CPU
		{5017AF30-51D8-4B2D-A708-24D24A7F73EF}.Debug|Any CPU.Build.0 = Debug|Any CPU
		{5017AF30-51D8-4B2D-A708-24D24A7F73EF}.Debug|Any CPU.Deploy.0 = Debug|Any CPU
		{5017AF30-51D8-4B2D-A708-24D24A7F73EF}.Release|Any CPU.ActiveCfg = Release|Any CPU
		{5017AF30-51D8-4B2D-A708-24D24A7F73EF}.Release|Any CPU.Build.0 = Release|Any CPU
		{5017AF30-51D8-4B2D-A708-24D24A7F73EF}.Release|Any CPU.Deploy.0 = Release|Any CPU
		{2964BE49-E5B2-45EF-8DBE-5C1113C867DD}.Debug|Any CPU.ActiveCfg = Debug|Any CPU
		{2964BE49-E5B2-45EF-8DBE-5C1113C867DD}.Debug|Any CPU.Build.0 = Debug|Any CPU
		{2964BE49-E5B2-45EF-8DBE-5C1113C867DD}.Release|Any CPU.ActiveCfg = Release|Any CPU
		{2964BE49-E5B2-45EF-8DBE-5C1113C867DD}.Release|Any CPU.Build.0 = Release|Any CPU
	EndGlobalSection
	GlobalSection(SolutionProperties) = preSolution
		HideSolutionNode = FALSE
	EndGlobalSection
	GlobalSection(NestedProjects) = preSolution
		{2E0A0CF2-13CD-4E5A-B0B7-72008C65B6C5} = {D87D4B61-9D48-4734-A384-6E722C195F04}
		{123E39AB-5E62-4467-9F65-C60C92B4DDFA} = {2AD09831-5AE5-485D-9CB3-857D9882C5C8}
		{289BF6CA-815F-439A-B4E5-03536FF86ACD} = {9D33D01F-A491-43DB-95B8-514BA64321CB}
		{5017AF30-51D8-4B2D-A708-24D24A7F73EF} = {6FACEF40-32A1-42DD-ACFE-07BD103DA9A2}
		{2964BE49-E5B2-45EF-8DBE-5C1113C867DD} = {9D33D01F-A491-43DB-95B8-514BA64321CB}
	EndGlobalSection
	GlobalSection(ExtensibilityGlobals) = postSolution
		SolutionGuid = {561E820B-3C8F-462B-B735-8055BB57339B}
	EndGlobalSection
	GlobalSection(MonoDevelopProperties) = preSolution
		StartupItem = SpeechToText\SpeechToText.csproj
	EndGlobalSection
EndGlobal
